
Microsoft Visual Studio Solution File, Format Version 12.00
# Visual Studio 14
VisualStudioVersion = 14.0.24720.0
MinimumVisualStudioVersion = 10.0.40219.1
Project("{FAE04EC0-301F-11D3-BF4B-00C04F79EFBC}") = "FloatPI", "FloatPI\FloatPI.csproj", "{7409DCAB-C039-4C0C-9A80-137B59AC5454}"
EndProject
Project("{FAE04EC0-301F-11D3-BF4B-00C04F79EFBC}") = "PrintSequence1", "PrintSequence1\PrintSequence1.csproj", "{54040849-1075-446D-8B89-C3280862E497}"
EndProject
Project("{FAE04EC0-301F-11D3-BF4B-00C04F79EFBC}") = "AgeVariant1", "AgeVariant1\AgeVariant1.csproj", "{BA58E3C6-679F-4C23-9637-8BFA5CAE5881}"
EndProject
Project("{FAE04EC0-301F-11D3-BF4B-00C04F79EFBC}") = "Test", "Test\Test.csproj", "{D874D4FF-C784-448D-A4F0-9EED7E48F2F6}"
EndProject
Project("{FAE04EC0-301F-11D3-BF4B-00C04F79EFBC}") = "CoffeeVendingMachine", "CoffeeVendingMachine\CoffeeVendingMachine.csproj", "{5D134A3A-C79D-4FC2-B337-06A1012FD543}"
EndProject
Project("{FAE04EC0-301F-11D3-BF4B-00C04F79EFBC}") = "DrunkenNumbers", "DrunkenNumbers\DrunkenNumbers.csproj", "{4B0D3BB0-EE42-4B01-84E7-23210B2A5137}"
EndProject
Project("{FAE04EC0-301F-11D3-BF4B-00C04F79EFBC}") = "FindingHowManyDigitsInNumber", "FindingHowManyDigitsInNumber\FindingHowManyDigitsInNumber.csproj", "{60574D73-D3BA-4CF5-A287-25028FD77013}"
EndProject
Project("{FAE04EC0-301F-11D3-BF4B-00C04F79EFBC}") = "BullAndCows", "BullAndCows\BullAndCows.csproj", "{02B73B98-4971-41A3-881E-92E4D282507F}"
EndProject
Project("{FAE04EC0-301F-11D3-BF4B-00C04F79EFBC}") = "Fire", "Fire\Fire.csproj", "{6EDCDAAF-B23B-469C-ABF9-1ACDA4742DB4}"
EndProject
Project("{FAE04EC0-301F-11D3-BF4B-00C04F79EFBC}") = "NeuronMapping", "NeuronMapping\NeuronMapping.csproj", "{8D09FE29-91F5-44E5-BC45-ADA28C764104}"
EndProject
Project("{FAE04EC0-301F-11D3-BF4B-00C04F79EFBC}") = "Garden", "Garden\Garden.csproj", "{73CC4C5F-3146-4C33-85D8-55E597532D64}"
EndProject
Project("{FAE04EC0-301F-11D3-BF4B-00C04F79EFBC}") = "SecretOfNumbers", "SecretOfNumbers\SecretOfNumbers.csproj", "{F5368903-74C0-42BF-872C-F183B05CDC63}"
EndProject
Project("{FAE04EC0-301F-11D3-BF4B-00C04F79EFBC}") = "Printing", "Printing\Printing.csproj", "{103F4C7A-EE77-4343-8137-63E8586D573D}"
EndProject
Project("{FAE04EC0-301F-11D3-BF4B-00C04F79EFBC}") = "TextToNumber", "TextToNumber\TextToNumber.csproj", "{9CB6A6D4-0596-4462-8BBD-283840EEDC61}"
EndProject
Project("{FAE04EC0-301F-11D3-BF4B-00C04F79EFBC}") = "SaddyKopper", "SaddyKopper\SaddyKopper.csproj", "{C4ADE5E6-519E-4B97-8973-8D8412796864}"
EndProject
Project("{FAE04EC0-301F-11D3-BF4B-00C04F79EFBC}") = "Cube", "Cube\Cube.csproj", "{9ADADB33-C965-4FFE-8468-27E5571361D2}"
EndProject
Project("{FAE04EC0-301F-11D3-BF4B-00C04F79EFBC}") = "ThreeNumbers", "ThreeNumbers\ThreeNumbers.csproj", "{9DA79C50-44DE-4092-BE47-BF683913921D}"
EndProject
Project("{FAE04EC0-301F-11D3-BF4B-00C04F79EFBC}") = "Decoding", "Decoding\Decoding.csproj", "{191E7DB9-FF93-4663-8D5C-24B8F8313668}"
EndProject
Project("{FAE04EC0-301F-11D3-BF4B-00C04F79EFBC}") = "Decoding1", "Decoding1\Decoding1.csproj", "{7EB564FC-DEB9-474E-9C4D-4B12CE44FD26}"
EndProject
Project("{FAE04EC0-301F-11D3-BF4B-00C04F79EFBC}") = "ConsoleApplication1", "ConsoleApplication1\ConsoleApplication1.csproj", "{3605A03D-D97A-4EB1-ABBA-6A16EB2AF8B3}"
EndProject
Project("{FAE04EC0-301F-11D3-BF4B-00C04F79EFBC}") = "PersianRugs", "PersianRugs\PersianRugs.csproj", "{EDC42508-F623-4002-846A-3844550D8F3F}"
EndProject
Project("{FAE04EC0-301F-11D3-BF4B-00C04F79EFBC}") = "Tribonacci", "Tribonacci\Tribonacci.csproj", "{9F730640-FE7C-40D2-B657-55899F0A44F7}"
EndProject
Project("{FAE04EC0-301F-11D3-BF4B-00C04F79EFBC}") = "FirTree", "FirTree\FirTree.csproj", "{086C8AD3-8DF9-4A44-8254-9A49FB26E417}"
EndProject
Project("{FAE04EC0-301F-11D3-BF4B-00C04F79EFBC}") = "FighterAttack", "FighterAttack\FighterAttack.csproj", "{F7C47315-4B45-4320-B64F-8D273AFC258C}"
EndProject
Project("{FAE04EC0-301F-11D3-BF4B-00C04F79EFBC}") = "AstrologicalDigits", "AstrologicalDigits\AstrologicalDigits.csproj", "{439AEACF-0685-4C22-863C-9E18683A5329}"
EndProject
Project("{FAE04EC0-301F-11D3-BF4B-00C04F79EFBC}") = "SandGlass", "SandGlass\SandGlass.csproj", "{B41F39CA-44ED-4E3D-BD23-E6B8D0C552A7}"
EndProject
Project("{FAE04EC0-301F-11D3-BF4B-00C04F79EFBC}") = "3-6-9", "3-6-9\3-6-9.csproj", "{33ACAA41-380A-4D59-851F-2778B7F73B7E}"
EndProject
Project("{FAE04EC0-301F-11D3-BF4B-00C04F79EFBC}") = "TheHorror", "TheHorror\TheHorror.csproj", "{39B63F70-18D6-4FEA-BA2F-2FC456512955}"
EndProject
Project("{FAE04EC0-301F-11D3-BF4B-00C04F79EFBC}") = "AmericanPie", "AmericanPie\AmericanPie.csproj", "{09E9EC8A-2DB6-4C1F-867E-B0FF38345D5F}"
EndProject
Project("{FAE04EC0-301F-11D3-BF4B-00C04F79EFBC}") = "ApplesOrOrangesOrBoth", "ApplesOrOrangesOrBoth\ApplesOrOrangesOrBoth.csproj", "{A203B323-2D63-4BD1-A21A-6DD08B7B728D}"
EndProject
Project("{FAE04EC0-301F-11D3-BF4B-00C04F79EFBC}") = "SumOfNDigitsInNumber", "SumOfNDigitsInNumber\SumOfNDigitsInNumber.csproj", "{B8ED1AB6-BAEA-46AB-83F6-8354C80693AE}"
EndProject
Project("{FAE04EC0-301F-11D3-BF4B-00C04F79EFBC}") = "EasterMister", "EasterMister\EasterMister.csproj", "{B7E1E615-96A7-4E1C-9E7A-CD9D88903C3A}"
EndProject
Project("{FAE04EC0-301F-11D3-BF4B-00C04F79EFBC}") = "AngryFemaleGPS", "AngryFemaleGPS\AngryFemaleGPS.csproj", "{622274E0-899F-4F25-81DB-B74F1F63789F}"
EndProject
Global
	GlobalSection(SolutionConfigurationPlatforms) = preSolution
		Debug|Any CPU = Debug|Any CPU
		Release|Any CPU = Release|Any CPU
	EndGlobalSection
	GlobalSection(ProjectConfigurationPlatforms) = postSolution
		{7409DCAB-C039-4C0C-9A80-137B59AC5454}.Debug|Any CPU.ActiveCfg = Debug|Any CPU
		{7409DCAB-C039-4C0C-9A80-137B59AC5454}.Debug|Any CPU.Build.0 = Debug|Any CPU
		{7409DCAB-C039-4C0C-9A80-137B59AC5454}.Release|Any CPU.ActiveCfg = Release|Any CPU
		{7409DCAB-C039-4C0C-9A80-137B59AC5454}.Release|Any CPU.Build.0 = Release|Any CPU
		{54040849-1075-446D-8B89-C3280862E497}.Debug|Any CPU.ActiveCfg = Debug|Any CPU
		{54040849-1075-446D-8B89-C3280862E497}.Debug|Any CPU.Build.0 = Debug|Any CPU
		{54040849-1075-446D-8B89-C3280862E497}.Release|Any CPU.ActiveCfg = Release|Any CPU
		{54040849-1075-446D-8B89-C3280862E497}.Release|Any CPU.Build.0 = Release|Any CPU
		{BA58E3C6-679F-4C23-9637-8BFA5CAE5881}.Debug|Any CPU.ActiveCfg = Debug|Any CPU
		{BA58E3C6-679F-4C23-9637-8BFA5CAE5881}.Debug|Any CPU.Build.0 = Debug|Any CPU
		{BA58E3C6-679F-4C23-9637-8BFA5CAE5881}.Release|Any CPU.ActiveCfg = Release|Any CPU
		{BA58E3C6-679F-4C23-9637-8BFA5CAE5881}.Release|Any CPU.Build.0 = Release|Any CPU
		{D874D4FF-C784-448D-A4F0-9EED7E48F2F6}.Debug|Any CPU.ActiveCfg = Debug|Any CPU
		{D874D4FF-C784-448D-A4F0-9EED7E48F2F6}.Debug|Any CPU.Build.0 = Debug|Any CPU
		{D874D4FF-C784-448D-A4F0-9EED7E48F2F6}.Release|Any CPU.ActiveCfg = Release|Any CPU
		{D874D4FF-C784-448D-A4F0-9EED7E48F2F6}.Release|Any CPU.Build.0 = Release|Any CPU
		{5D134A3A-C79D-4FC2-B337-06A1012FD543}.Debug|Any CPU.ActiveCfg = Debug|Any CPU
		{5D134A3A-C79D-4FC2-B337-06A1012FD543}.Debug|Any CPU.Build.0 = Debug|Any CPU
		{5D134A3A-C79D-4FC2-B337-06A1012FD543}.Release|Any CPU.ActiveCfg = Release|Any CPU
		{5D134A3A-C79D-4FC2-B337-06A1012FD543}.Release|Any CPU.Build.0 = Release|Any CPU
		{4B0D3BB0-EE42-4B01-84E7-23210B2A5137}.Debug|Any CPU.ActiveCfg = Debug|Any CPU
		{4B0D3BB0-EE42-4B01-84E7-23210B2A5137}.Debug|Any CPU.Build.0 = Debug|Any CPU
		{4B0D3BB0-EE42-4B01-84E7-23210B2A5137}.Release|Any CPU.ActiveCfg = Release|Any CPU
		{4B0D3BB0-EE42-4B01-84E7-23210B2A5137}.Release|Any CPU.Build.0 = Release|Any CPU
		{60574D73-D3BA-4CF5-A287-25028FD77013}.Debug|Any CPU.ActiveCfg = Debug|Any CPU
		{60574D73-D3BA-4CF5-A287-25028FD77013}.Debug|Any CPU.Build.0 = Debug|Any CPU
		{60574D73-D3BA-4CF5-A287-25028FD77013}.Release|Any CPU.ActiveCfg = Release|Any CPU
		{60574D73-D3BA-4CF5-A287-25028FD77013}.Release|Any CPU.Build.0 = Release|Any CPU
		{02B73B98-4971-41A3-881E-92E4D282507F}.Debug|Any CPU.ActiveCfg = Debug|Any CPU
		{02B73B98-4971-41A3-881E-92E4D282507F}.Debug|Any CPU.Build.0 = Debug|Any CPU
		{02B73B98-4971-41A3-881E-92E4D282507F}.Release|Any CPU.ActiveCfg = Release|Any CPU
		{02B73B98-4971-41A3-881E-92E4D282507F}.Release|Any CPU.Build.0 = Release|Any CPU
		{6EDCDAAF-B23B-469C-ABF9-1ACDA4742DB4}.Debug|Any CPU.ActiveCfg = Debug|Any CPU
		{6EDCDAAF-B23B-469C-ABF9-1ACDA4742DB4}.Debug|Any CPU.Build.0 = Debug|Any CPU
		{6EDCDAAF-B23B-469C-ABF9-1ACDA4742DB4}.Release|Any CPU.ActiveCfg = Release|Any CPU
		{6EDCDAAF-B23B-469C-ABF9-1ACDA4742DB4}.Release|Any CPU.Build.0 = Release|Any CPU
		{8D09FE29-91F5-44E5-BC45-ADA28C764104}.Debug|Any CPU.ActiveCfg = Debug|Any CPU
		{8D09FE29-91F5-44E5-BC45-ADA28C764104}.Debug|Any CPU.Build.0 = Debug|Any CPU
		{8D09FE29-91F5-44E5-BC45-ADA28C764104}.Release|Any CPU.ActiveCfg = Release|Any CPU
		{8D09FE29-91F5-44E5-BC45-ADA28C764104}.Release|Any CPU.Build.0 = Release|Any CPU
		{73CC4C5F-3146-4C33-85D8-55E597532D64}.Debug|Any CPU.ActiveCfg = Debug|Any CPU
		{73CC4C5F-3146-4C33-85D8-55E597532D64}.Debug|Any CPU.Build.0 = Debug|Any CPU
		{73CC4C5F-3146-4C33-85D8-55E597532D64}.Release|Any CPU.ActiveCfg = Release|Any CPU
		{73CC4C5F-3146-4C33-85D8-55E597532D64}.Release|Any CPU.Build.0 = Release|Any CPU
		{F5368903-74C0-42BF-872C-F183B05CDC63}.Debug|Any CPU.ActiveCfg = Debug|Any CPU
		{F5368903-74C0-42BF-872C-F183B05CDC63}.Debug|Any CPU.Build.0 = Debug|Any CPU
		{F5368903-74C0-42BF-872C-F183B05CDC63}.Release|Any CPU.ActiveCfg = Release|Any CPU
		{F5368903-74C0-42BF-872C-F183B05CDC63}.Release|Any CPU.Build.0 = Release|Any CPU
		{103F4C7A-EE77-4343-8137-63E8586D573D}.Debug|Any CPU.ActiveCfg = Debug|Any CPU
		{103F4C7A-EE77-4343-8137-63E8586D573D}.Debug|Any CPU.Build.0 = Debug|Any CPU
		{103F4C7A-EE77-4343-8137-63E8586D573D}.Release|Any CPU.ActiveCfg = Release|Any CPU
		{103F4C7A-EE77-4343-8137-63E8586D573D}.Release|Any CPU.Build.0 = Release|Any CPU
		{9CB6A6D4-0596-4462-8BBD-283840EEDC61}.Debug|Any CPU.ActiveCfg = Debug|Any CPU
		{9CB6A6D4-0596-4462-8BBD-283840EEDC61}.Debug|Any CPU.Build.0 = Debug|Any CPU
		{9CB6A6D4-0596-4462-8BBD-283840EEDC61}.Release|Any CPU.ActiveCfg = Release|Any CPU
		{9CB6A6D4-0596-4462-8BBD-283840EEDC61}.Release|Any CPU.Build.0 = Release|Any CPU
		{C4ADE5E6-519E-4B97-8973-8D8412796864}.Debug|Any CPU.ActiveCfg = Debug|Any CPU
		{C4ADE5E6-519E-4B97-8973-8D8412796864}.Debug|Any CPU.Build.0 = Debug|Any CPU
		{C4ADE5E6-519E-4B97-8973-8D8412796864}.Release|Any CPU.ActiveCfg = Release|Any CPU
		{C4ADE5E6-519E-4B97-8973-8D8412796864}.Release|Any CPU.Build.0 = Release|Any CPU
		{9ADADB33-C965-4FFE-8468-27E5571361D2}.Debug|Any CPU.ActiveCfg = Debug|Any CPU
		{9ADADB33-C965-4FFE-8468-27E5571361D2}.Debug|Any CPU.Build.0 = Debug|Any CPU
		{9ADADB33-C965-4FFE-8468-27E5571361D2}.Release|Any CPU.ActiveCfg = Release|Any CPU
		{9ADADB33-C965-4FFE-8468-27E5571361D2}.Release|Any CPU.Build.0 = Release|Any CPU
		{9DA79C50-44DE-4092-BE47-BF683913921D}.Debug|Any CPU.ActiveCfg = Debug|Any CPU
		{9DA79C50-44DE-4092-BE47-BF683913921D}.Debug|Any CPU.Build.0 = Debug|Any CPU
		{9DA79C50-44DE-4092-BE47-BF683913921D}.Release|Any CPU.ActiveCfg = Release|Any CPU
		{9DA79C50-44DE-4092-BE47-BF683913921D}.Release|Any CPU.Build.0 = Release|Any CPU
		{191E7DB9-FF93-4663-8D5C-24B8F8313668}.Debug|Any CPU.ActiveCfg = Debug|Any CPU
		{191E7DB9-FF93-4663-8D5C-24B8F8313668}.Debug|Any CPU.Build.0 = Debug|Any CPU
		{191E7DB9-FF93-4663-8D5C-24B8F8313668}.Release|Any CPU.ActiveCfg = Release|Any CPU
		{191E7DB9-FF93-4663-8D5C-24B8F8313668}.Release|Any CPU.Build.0 = Release|Any CPU
		{7EB564FC-DEB9-474E-9C4D-4B12CE44FD26}.Debug|Any CPU.ActiveCfg = Debug|Any CPU
		{7EB564FC-DEB9-474E-9C4D-4B12CE44FD26}.Debug|Any CPU.Build.0 = Debug|Any CPU
		{7EB564FC-DEB9-474E-9C4D-4B12CE44FD26}.Release|Any CPU.ActiveCfg = Release|Any CPU
		{7EB564FC-DEB9-474E-9C4D-4B12CE44FD26}.Release|Any CPU.Build.0 = Release|Any CPU
		{3605A03D-D97A-4EB1-ABBA-6A16EB2AF8B3}.Debug|Any CPU.ActiveCfg = Debug|Any CPU
		{3605A03D-D97A-4EB1-ABBA-6A16EB2AF8B3}.Debug|Any CPU.Build.0 = Debug|Any CPU
		{3605A03D-D97A-4EB1-ABBA-6A16EB2AF8B3}.Release|Any CPU.ActiveCfg = Release|Any CPU
		{3605A03D-D97A-4EB1-ABBA-6A16EB2AF8B3}.Release|Any CPU.Build.0 = Release|Any CPU
		{EDC42508-F623-4002-846A-3844550D8F3F}.Debug|Any CPU.ActiveCfg = Debug|Any CPU
		{EDC42508-F623-4002-846A-3844550D8F3F}.Debug|Any CPU.Build.0 = Debug|Any CPU
		{EDC42508-F623-4002-846A-3844550D8F3F}.Release|Any CPU.ActiveCfg = Release|Any CPU
		{EDC42508-F623-4002-846A-3844550D8F3F}.Release|Any CPU.Build.0 = Release|Any CPU
		{9F730640-FE7C-40D2-B657-55899F0A44F7}.Debug|Any CPU.ActiveCfg = Debug|Any CPU
		{9F730640-FE7C-40D2-B657-55899F0A44F7}.Debug|Any CPU.Build.0 = Debug|Any CPU
		{9F730640-FE7C-40D2-B657-55899F0A44F7}.Release|Any CPU.ActiveCfg = Release|Any CPU
		{9F730640-FE7C-40D2-B657-55899F0A44F7}.Release|Any CPU.Build.0 = Release|Any CPU
		{086C8AD3-8DF9-4A44-8254-9A49FB26E417}.Debug|Any CPU.ActiveCfg = Debug|Any CPU
		{086C8AD3-8DF9-4A44-8254-9A49FB26E417}.Debug|Any CPU.Build.0 = Debug|Any CPU
		{086C8AD3-8DF9-4A44-8254-9A49FB26E417}.Release|Any CPU.ActiveCfg = Release|Any CPU
		{086C8AD3-8DF9-4A44-8254-9A49FB26E417}.Release|Any CPU.Build.0 = Release|Any CPU
		{F7C47315-4B45-4320-B64F-8D273AFC258C}.Debug|Any CPU.ActiveCfg = Debug|Any CPU
		{F7C47315-4B45-4320-B64F-8D273AFC258C}.Debug|Any CPU.Build.0 = Debug|Any CPU
		{F7C47315-4B45-4320-B64F-8D273AFC258C}.Release|Any CPU.ActiveCfg = Release|Any CPU
		{F7C47315-4B45-4320-B64F-8D273AFC258C}.Release|Any CPU.Build.0 = Release|Any CPU
		{439AEACF-0685-4C22-863C-9E18683A5329}.Debug|Any CPU.ActiveCfg = Debug|Any CPU
		{439AEACF-0685-4C22-863C-9E18683A5329}.Debug|Any CPU.Build.0 = Debug|Any CPU
		{439AEACF-0685-4C22-863C-9E18683A5329}.Release|Any CPU.ActiveCfg = Release|Any CPU
		{439AEACF-0685-4C22-863C-9E18683A5329}.Release|Any CPU.Build.0 = Release|Any CPU
		{B41F39CA-44ED-4E3D-BD23-E6B8D0C552A7}.Debug|Any CPU.ActiveCfg = Debug|Any CPU
		{B41F39CA-44ED-4E3D-BD23-E6B8D0C552A7}.Debug|Any CPU.Build.0 = Debug|Any CPU
		{B41F39CA-44ED-4E3D-BD23-E6B8D0C552A7}.Release|Any CPU.ActiveCfg = Release|Any CPU
		{B41F39CA-44ED-4E3D-BD23-E6B8D0C552A7}.Release|Any CPU.Build.0 = Release|Any CPU
		{33ACAA41-380A-4D59-851F-2778B7F73B7E}.Debug|Any CPU.ActiveCfg = Debug|Any CPU
		{33ACAA41-380A-4D59-851F-2778B7F73B7E}.Debug|Any CPU.Build.0 = Debug|Any CPU
		{33ACAA41-380A-4D59-851F-2778B7F73B7E}.Release|Any CPU.ActiveCfg = Release|Any CPU
		{33ACAA41-380A-4D59-851F-2778B7F73B7E}.Release|Any CPU.Build.0 = Release|Any CPU
		{39B63F70-18D6-4FEA-BA2F-2FC456512955}.Debug|Any CPU.ActiveCfg = Debug|Any CPU
		{39B63F70-18D6-4FEA-BA2F-2FC456512955}.Debug|Any CPU.Build.0 = Debug|Any CPU
		{39B63F70-18D6-4FEA-BA2F-2FC456512955}.Release|Any CPU.ActiveCfg = Release|Any CPU
		{39B63F70-18D6-4FEA-BA2F-2FC456512955}.Release|Any CPU.Build.0 = Release|Any CPU
		{09E9EC8A-2DB6-4C1F-867E-B0FF38345D5F}.Debug|Any CPU.ActiveCfg = Debug|Any CPU
		{09E9EC8A-2DB6-4C1F-867E-B0FF38345D5F}.Debug|Any CPU.Build.0 = Debug|Any CPU
		{09E9EC8A-2DB6-4C1F-867E-B0FF38345D5F}.Release|Any CPU.ActiveCfg = Release|Any CPU
		{09E9EC8A-2DB6-4C1F-867E-B0FF38345D5F}.Release|Any CPU.Build.0 = Release|Any CPU
		{A203B323-2D63-4BD1-A21A-6DD08B7B728D}.Debug|Any CPU.ActiveCfg = Debug|Any CPU
		{A203B323-2D63-4BD1-A21A-6DD08B7B728D}.Debug|Any CPU.Build.0 = Debug|Any CPU
		{A203B323-2D63-4BD1-A21A-6DD08B7B728D}.Release|Any CPU.ActiveCfg = Release|Any CPU
		{A203B323-2D63-4BD1-A21A-6DD08B7B728D}.Release|Any CPU.Build.0 = Release|Any CPU
		{B8ED1AB6-BAEA-46AB-83F6-8354C80693AE}.Debug|Any CPU.ActiveCfg = Debug|Any CPU
		{B8ED1AB6-BAEA-46AB-83F6-8354C80693AE}.Debug|Any CPU.Build.0 = Debug|Any CPU
		{B8ED1AB6-BAEA-46AB-83F6-8354C80693AE}.Release|Any CPU.ActiveCfg = Release|Any CPU
		{B8ED1AB6-BAEA-46AB-83F6-8354C80693AE}.Release|Any CPU.Build.0 = Release|Any CPU
		{B7E1E615-96A7-4E1C-9E7A-CD9D88903C3A}.Debug|Any CPU.ActiveCfg = Debug|Any CPU
		{B7E1E615-96A7-4E1C-9E7A-CD9D88903C3A}.Debug|Any CPU.Build.0 = Debug|Any CPU
		{B7E1E615-96A7-4E1C-9E7A-CD9D88903C3A}.Release|Any CPU.ActiveCfg = Release|Any CPU
		{B7E1E615-96A7-4E1C-9E7A-CD9D88903C3A}.Release|Any CPU.Build.0 = Release|Any CPU
		{622274E0-899F-4F25-81DB-B74F1F63789F}.Debug|Any CPU.ActiveCfg = Debug|Any CPU
		{622274E0-899F-4F25-81DB-B74F1F63789F}.Debug|Any CPU.Build.0 = Debug|Any CPU
		{622274E0-899F-4F25-81DB-B74F1F63789F}.Release|Any CPU.ActiveCfg = Release|Any CPU
		{622274E0-899F-4F25-81DB-B74F1F63789F}.Release|Any CPU.Build.0 = Release|Any CPU
	EndGlobalSection
	GlobalSection(SolutionProperties) = preSolution
		HideSolutionNode = FALSE
	EndGlobalSection
EndGlobal
